
Microsoft Visual Studio Solution File, Format Version 12.00
# Visual Studio Version 16
VisualStudioVersion = 16.0.29411.108
MinimumVisualStudioVersion = 10.0.40219.1
Project("{FAE04EC0-301F-11D3-BF4B-00C04F79EFBC}") = "admindx", "admindx\admindx.csproj", "{D483507B-EB3B-4057-B0F9-1859783B69C5}"
EndProject
Global
	GlobalSection(SolutionConfigurationPlatforms) = preSolution
		Debug|Any CPU = Debug|Any CPU
		Release|Any CPU = Release|Any CPU
	EndGlobalSection
	GlobalSection(ProjectConfigurationPlatforms) = postSolution
		{D483507B-EB3B-4057-B0F9-1859783B69C5}.Debug|Any CPU.ActiveCfg = Debug|Any CPU
		{D483507B-EB3B-4057-B0F9-1859783B69C5}.Debug|Any CPU.Build.0 = Debug|Any CPU
		{D483507B-EB3B-4057-B0F9-1859783B69C5}.Release|Any CPU.ActiveCfg = Release|Any CPU
		{D483507B-EB3B-4057-B0F9-1859783B69C5}.Release|Any CPU.Build.0 = Release|Any CPU
	EndGlobalSection
	GlobalSection(SolutionProperties) = preSolution
		HideSolutionNode = FALSE
	EndGlobalSection
	GlobalSection(ExtensibilityGlobals) = postSolution
		SolutionGuid = {52BE77D0-72A8-46DE-8143-F2D11E7CBF1B}
	EndGlobalSection
EndGlobal
